{
  "name": "myapp",
  "version": "1.0.0",
  "lockfileVersion": 3,
  "requires": true,
  "packages": {
    "": {
      "name": "myapp",
      "version": "1.0.0",
      "license": "ISC",
      "dependencies": {
        "@gabrielvrl/fluentsql": "^2.0.0"
      }
    },
    "node_modules/@gabrielvrl/fluentsql": {
      "version": "2.0.1",
      "resolved": "https://registry.npmjs.org/@gabrielvrl/fluentsql/-/fluentsql-2.0.1.tgz",
      "integrity": "sha512-Uiqp8xSOgNnrBMKtZRl4MhtwI3NBKxicLAp9bZc4f+Asm5ts3g5PoteJXaI0ytef2Z6hRfahgNvuvoUxvrjrIA=="
    }
  }
}
