{
  "name": "myapp",
  "version": "1.0.0",
  "lockfileVersion": 3,
  "requires": true,
  "packages": {
    "": {
      "name": "myapp",
      "version": "1.0.0",
      "license": "ISC",
      "dependencies": {
        "@gabrielvrl/fluentsql": "^1.0.0"
      }
    },
    "node_modules/@gabrielvrl/fluentsql": {
      "version": "1.0.1",
      "resolved": "https://registry.npmjs.org/@gabrielvrl/fluentsql/-/fluentsql-1.0.1.tgz",
      "integrity": "sha512-aCFIgS2iaJWJTNHgyxw5mUY7rOY6LAKgU2WeyBQSM4L71MyHbilnmhdLf8YPNzHD2ki4qM0G6AJzcqlMVeKtcw=="
    }
  }
}
