{
  "name": "myapp",
  "version": "1.0.0",
  "lockfileVersion": 3,
  "requires": true,
  "packages": {
    "": {
      "name": "myapp",
      "version": "1.0.0",
      "license": "ISC",
      "dependencies": {
        "@gabrielvrl/fluentsql": "^1.0.0"
      }
    },
    "node_modules/@gabrielvrl/fluentsql": {
      "version": "1.0.0",
      "resolved": "https://registry.npmjs.org/@gabrielvrl/fluentsql/-/fluentsql-1.0.0.tgz",
      "integrity": "sha512-zjDuV9SFWhs43nCoDAj/IsvyraaZV/jrj+DBWWVikOuoOYgvRCqs75zYlbcw2vCdGCHqxwsV/ntAiD4YkVviTQ=="
    }
  }
}
