{
  "name": "myapp",
  "version": "1.0.0",
  "lockfileVersion": 3,
  "requires": true,
  "packages": {
    "": {
      "name": "myapp",
      "version": "1.0.0",
      "license": "ISC",
      "dependencies": {
        "@gabrielvrl/fluentsql": "^2.0.0"
      }
    },
    "node_modules/@gabrielvrl/fluentsql": {
      "version": "2.0.0",
      "resolved": "https://registry.npmjs.org/@gabrielvrl/fluentsql/-/fluentsql-2.0.0.tgz",
      "integrity": "sha512-zKIt3OZ86O6RYR46J9wqQXusTrSz2ON6S7Th0UGtqtJHjiq8zdfbRy7QPAf1z6zdCoy0gvANtslZx8Oa9iTI4g=="
    }
  }
}
