{
  "name": "app",
  "version": "1.0.0",
  "lockfileVersion": 3,
  "requires": true,
  "packages": {
    "": {
      "name": "app",
      "version": "1.0.0",
      "license": "ISC",
      "dependencies": {
        "@gabrielvrl/date-util": "^1.0.0"
      }
    },
    "node_modules/@gabrielvrl/date-util": {
      "version": "1.0.0",
      "resolved": "http://localhost:4873/@gabrielvrl/date-util/-/date-util-1.0.0.tgz",
      "integrity": "sha512-ri5p9PvdKM3pdNKB3x5mImzNi+DingPVbeH7FuuQ8SkLQ6M7VKStQeZaMxlxmiZfPJ6aA6cyzuebhQYzyQ4tXA==",
      "dependencies": {
        "@gabrielvrl/string-util": "^1.0.0"
      }
    },
    "node_modules/@gabrielvrl/string-util": {
      "version": "1.0.0",
      "resolved": "http://localhost:4873/@gabrielvrl/string-util/-/string-util-1.0.0.tgz",
      "integrity": "sha512-QuFeOcZsXZA8Wadva4sVgwdDHgKKq6h1e/k/yam3dvCIWVXYDe5BfJJ0aKAbL8OQsxh/tfFenoDbdluRJPPW0g=="
    }
  }
}
